{
    "hash": "b425ff3511e16cd285e5875d021e65b7",
    "packages": [
        {
            "name": "mohiva/common",
            "version": "dev-master",
            "source": {
                "type": "git",
                "url": "git://github.com/mohiva/common.git",
                "reference": "1dbbacb162bcf83040e8021cd8934e7a78aab4cd"
            },
            "dist": {
                "type": "zip",
                "url": "https://github.com/mohiva/common/archive/1dbbacb162bcf83040e8021cd8934e7a78aab4cd.zip",
                "reference": "1dbbacb162bcf83040e8021cd8934e7a78aab4cd",
                "shasum": ""
            },
            "require": {
                "php": ">=5.4"
            },
            "time": "2012-08-30 14:21:33",
            "type": "library",
            "installation-source": "source",
            "autoload": {
                "psr-0": {
                    "com\\mohiva\\common": "src/"
                }
            },
            "notification-url": "https://packagist.org/downloads/",
            "license": [
                "New BSD"
            ],
            "authors": [
                {
                    "name": "Christian Kaps",
                    "email": "christian.kaps@mohiva.com"
                }
            ],
            "description": "A PHP library which provides functionality shared by some mohiva projects",
            "homepage": "https://github.com/mohiva/common",
            "keywords": [
                "library"
            ]
        }
    ],
    "packages-dev": null,
    "aliases": [

    ],
    "minimum-stability": "stable",
    "stability-flags": {
        "mohiva/common": 20
    }
}
