{
    "hash": "8f2be4dd90d0cab43765f18ce39a7988",
    "packages": [
        {
            "package": "mohiva/common",
            "version": "dev-master",
            "source-reference": "6db519f8b5df6c63135c69d12bf149e412942664",
            "commit-date": "1341602421"
        }
    ],
    "packages-dev": null,
    "aliases": [

    ],
    "minimum-stability": "stable",
    "stability-flags": {
        "mohiva/common": 20
    }
}
